
Microsoft Visual Studio Solution File, Format Version 12.00
# Visual Studio Version 17
VisualStudioVersion = 17.5.33414.496
MinimumVisualStudioVersion = 10.0.40219.1
Project("{FAE04EC0-301F-11D3-BF4B-00C04F79EFBC}") = "PhanTriVi-2011063105-buoi5", "PhanTriVi-2011063105-buoi5.csproj", "{37FC9342-352E-478C-B674-58F1BF90389D}"
EndProject
Global
	GlobalSection(SolutionConfigurationPlatforms) = preSolution
		Debug|Any CPU = Debug|Any CPU
		Release|Any CPU = Release|Any CPU
	EndGlobalSection
	GlobalSection(ProjectConfigurationPlatforms) = postSolution
		{37FC9342-352E-478C-B674-58F1BF90389D}.Debug|Any CPU.ActiveCfg = Debug|Any CPU
		{37FC9342-352E-478C-B674-58F1BF90389D}.Debug|Any CPU.Build.0 = Debug|Any CPU
		{37FC9342-352E-478C-B674-58F1BF90389D}.Release|Any CPU.ActiveCfg = Release|Any CPU
		{37FC9342-352E-478C-B674-58F1BF90389D}.Release|Any CPU.Build.0 = Release|Any CPU
	EndGlobalSection
	GlobalSection(SolutionProperties) = preSolution
		HideSolutionNode = FALSE
	EndGlobalSection
	GlobalSection(ExtensibilityGlobals) = postSolution
		SolutionGuid = {2C420B7B-315A-4D37-805E-D9D329819592}
	EndGlobalSection
EndGlobal
